// !$*UTF8*$!
{
	archiveVersion = 1;
	classes = {
	};
	objectVersion = 52;
	objects = {

/* Begin PBXBuildFile section */
		024FBBFD23E2B74E00F3967C /* AppDelegate.swift in Sources */ = {isa = PBXBuildFile; fileRef = 024FBBFC23E2B74E00F3967C /* AppDelegate.swift */; };
		024FBBFF23E2B74E00F3967C /* SceneDelegate.swift in Sources */ = {isa = PBXBuildFile; fileRef = 024FBBFE23E2B74E00F3967C /* SceneDelegate.swift */; };
		024FBC0123E2B74E00F3967C /* ViewController.swift in Sources */ = {isa = PBXBuildFile; fileRef = 024FBC0023E2B74E00F3967C /* ViewController.swift */; };
		024FBC0423E2B74E00F3967C /* Main.storyboard in Resources */ = {isa = PBXBuildFile; fileRef = 024FBC0223E2B74E00F3967C /* Main.storyboard */; };
		024FBC0623E2B75200F3967C /* Assets.xcassets in Resources */ = {isa = PBXBuildFile; fileRef = 024FBC0523E2B75200F3967C /* Assets.xcassets */; };
		024FBC0923E2B75200F3967C /* LaunchScreen.storyboard in Resources */ = {isa = PBXBuildFile; fileRef = 024FBC0723E2B75200F3967C /* LaunchScreen.storyboard */; };
		024FBC1123E2C80100F3967C /* Extentions.swift in Sources */ = {isa = PBXBuildFile; fileRef = 024FBC1023E2C80100F3967C /* Extentions.swift */; };
		024FBC1723E2D8DD00F3967C /* FollowingCollectionViewCell.swift in Sources */ = {isa = PBXBuildFile; fileRef = 024FBC1623E2D8DD00F3967C /* FollowingCollectionViewCell.swift */; };
		024FBC1923E2DADD00F3967C /* FollowingCollectionViewController.swift in Sources */ = {isa = PBXBuildFile; fileRef = 024FBC1823E2DADD00F3967C /* FollowingCollectionViewController.swift */; };
		024FBC1C23E30CA800F3967C /* Alamofire in Frameworks */ = {isa = PBXBuildFile; productRef = 024FBC1B23E30CA800F3967C /* Alamofire */; };
		024FBC1E23E30DD600F3967C /* NetworkCall.swift in Sources */ = {isa = PBXBuildFile; fileRef = 024FBC1D23E30DD600F3967C /* NetworkCall.swift */; };
		024FBC2123E3137400F3967C /* SwiftyJSON in Frameworks */ = {isa = PBXBuildFile; productRef = 024FBC2023E3137400F3967C /* SwiftyJSON */; };
		024FBC2423E3192C00F3967C /* Kingfisher in Frameworks */ = {isa = PBXBuildFile; productRef = 024FBC2323E3192C00F3967C /* Kingfisher */; };
		024FBC2623E3192C00F3967C /* KingfisherSwiftUI in Frameworks */ = {isa = PBXBuildFile; productRef = 024FBC2523E3192C00F3967C /* KingfisherSwiftUI */; };
		02527BA023EAB1FB0066A028 /* Follower.swift in Sources */ = {isa = PBXBuildFile; fileRef = 02527B9F23EAB1FB0066A028 /* Follower.swift */; };
		0252A13223EBD4130018A580 /* GitHubPageViewController.swift in Sources */ = {isa = PBXBuildFile; fileRef = 0252A13123EBD4130018A580 /* GitHubPageViewController.swift */; };
		0252A13A23EC63130018A580 /* ProfileCollectionViewController.swift in Sources */ = {isa = PBXBuildFile; fileRef = 0252A13923EC63130018A580 /* ProfileCollectionViewController.swift */; };
		0252A13C23EC63E10018A580 /* ProfileHeader.swift in Sources */ = {isa = PBXBuildFile; fileRef = 0252A13B23EC63E10018A580 /* ProfileHeader.swift */; };
		025657B523F12C86009CB921 /* RepoCollectionViewCell.swift in Sources */ = {isa = PBXBuildFile; fileRef = 025657B423F12C86009CB921 /* RepoCollectionViewCell.swift */; };
		026589BD23F674B4008C36A3 /* Repo.swift in Sources */ = {isa = PBXBuildFile; fileRef = 026589BC23F674B4008C36A3 /* Repo.swift */; };
		026AC64823E8569D001B4F86 /* Alerts.swift in Sources */ = {isa = PBXBuildFile; fileRef = 026AC64723E8569D001B4F86 /* Alerts.swift */; };
		026AC64A23E85AEC001B4F86 /* FollowersViewController.swift in Sources */ = {isa = PBXBuildFile; fileRef = 026AC64923E85AEC001B4F86 /* FollowersViewController.swift */; };
		026AC64C23E86943001B4F86 /* DetailsViewController.swift in Sources */ = {isa = PBXBuildFile; fileRef = 026AC64B23E86943001B4F86 /* DetailsViewController.swift */; };
		02FE6B6B23EDA4C100F6B0AB /* User.swift in Sources */ = {isa = PBXBuildFile; fileRef = 02FE6B6A23EDA4C100F6B0AB /* User.swift */; };
/* End PBXBuildFile section */

/* Begin PBXFileReference section */
		024FBBF923E2B74E00F3967C /* GitHub.app */ = {isa = PBXFileReference; explicitFileType = wrapper.application; includeInIndex = 0; path = GitHub.app; sourceTree = BUILT_PRODUCTS_DIR; };
		024FBBFC23E2B74E00F3967C /* AppDelegate.swift */ = {isa = PBXFileReference; lastKnownFileType = sourcecode.swift; path = AppDelegate.swift; sourceTree = "<group>"; };
		024FBBFE23E2B74E00F3967C /* SceneDelegate.swift */ = {isa = PBXFileReference; lastKnownFileType = sourcecode.swift; path = SceneDelegate.swift; sourceTree = "<group>"; };
		024FBC0023E2B74E00F3967C /* ViewController.swift */ = {isa = PBXFileReference; lastKnownFileType = sourcecode.swift; path = ViewController.swift; sourceTree = "<group>"; };
		024FBC0323E2B74E00F3967C /* Base */ = {isa = PBXFileReference; lastKnownFileType = file.storyboard; name = Base; path = Base.lproj/Main.storyboard; sourceTree = "<group>"; };
		024FBC0523E2B75200F3967C /* Assets.xcassets */ = {isa = PBXFileReference; lastKnownFileType = folder.assetcatalog; path = Assets.xcassets; sourceTree = "<group>"; };
		024FBC0823E2B75200F3967C /* Base */ = {isa = PBXFileReference; lastKnownFileType = file.storyboard; name = Base; path = Base.lproj/LaunchScreen.storyboard; sourceTree = "<group>"; };
		024FBC0A23E2B75200F3967C /* Info.plist */ = {isa = PBXFileReference; lastKnownFileType = text.plist.xml; path = Info.plist; sourceTree = "<group>"; };
		024FBC1023E2C80100F3967C /* Extentions.swift */ = {isa = PBXFileReference; lastKnownFileType = sourcecode.swift; path = Extentions.swift; sourceTree = "<group>"; };
		024FBC1623E2D8DD00F3967C /* FollowingCollectionViewCell.swift */ = {isa = PBXFileReference; lastKnownFileType = sourcecode.swift; path = FollowingCollectionViewCell.swift; sourceTree = "<group>"; };
		024FBC1823E2DADD00F3967C /* FollowingCollectionViewController.swift */ = {isa = PBXFileReference; lastKnownFileType = sourcecode.swift; path = FollowingCollectionViewController.swift; sourceTree = "<group>"; };
		024FBC1D23E30DD600F3967C /* NetworkCall.swift */ = {isa = PBXFileReference; lastKnownFileType = sourcecode.swift; path = NetworkCall.swift; sourceTree = "<group>"; };
		02527B9F23EAB1FB0066A028 /* Follower.swift */ = {isa = PBXFileReference; lastKnownFileType = sourcecode.swift; path = Follower.swift; sourceTree = "<group>"; };
		0252A13123EBD4130018A580 /* GitHubPageViewController.swift */ = {isa = PBXFileReference; lastKnownFileType = sourcecode.swift; path = GitHubPageViewController.swift; sourceTree = "<group>"; };
		0252A13923EC63130018A580 /* ProfileCollectionViewController.swift */ = {isa = PBXFileReference; lastKnownFileType = sourcecode.swift; path = ProfileCollectionViewController.swift; sourceTree = "<group>"; };
		0252A13B23EC63E10018A580 /* ProfileHeader.swift */ = {isa = PBXFileReference; lastKnownFileType = sourcecode.swift; path = ProfileHeader.swift; sourceTree = "<group>"; };
		025657B423F12C86009CB921 /* RepoCollectionViewCell.swift */ = {isa = PBXFileReference; lastKnownFileType = sourcecode.swift; path = RepoCollectionViewCell.swift; sourceTree = "<group>"; };
		026589BC23F674B4008C36A3 /* Repo.swift */ = {isa = PBXFileReference; lastKnownFileType = sourcecode.swift; path = Repo.swift; sourceTree = "<group>"; };
		026AC64723E8569D001B4F86 /* Alerts.swift */ = {isa = PBXFileReference; lastKnownFileType = sourcecode.swift; path = Alerts.swift; sourceTree = "<group>"; };
		026AC64923E85AEC001B4F86 /* FollowersViewController.swift */ = {isa = PBXFileReference; lastKnownFileType = sourcecode.swift; path = FollowersViewController.swift; sourceTree = "<group>"; };
		026AC64B23E86943001B4F86 /* DetailsViewController.swift */ = {isa = PBXFileReference; lastKnownFileType = sourcecode.swift; path = DetailsViewController.swift; sourceTree = "<group>"; };
		02FE6B6A23EDA4C100F6B0AB /* User.swift */ = {isa = PBXFileReference; lastKnownFileType = sourcecode.swift; path = User.swift; sourceTree = "<group>"; };
/* End PBXFileReference section */

/* Begin PBXFrameworksBuildPhase section */
		024FBBF623E2B74E00F3967C /* Frameworks */ = {
			isa = PBXFrameworksBuildPhase;
			buildActionMask = 2147483647;
			files = (
				024FBC2423E3192C00F3967C /* Kingfisher in Frameworks */,
				024FBC2123E3137400F3967C /* SwiftyJSON in Frameworks */,
				024FBC2623E3192C00F3967C /* KingfisherSwiftUI in Frameworks */,
				024FBC1C23E30CA800F3967C /* Alamofire in Frameworks */,
			);
			runOnlyForDeploymentPostprocessing = 0;
		};
/* End PBXFrameworksBuildPhase section */

/* Begin PBXGroup section */
		024FBBF023E2B74E00F3967C = {
			isa = PBXGroup;
			children = (
				024FBBFB23E2B74E00F3967C /* GitHub */,
				024FBBFA23E2B74E00F3967C /* Products */,
			);
			sourceTree = "<group>";
		};
		024FBBFA23E2B74E00F3967C /* Products */ = {
			isa = PBXGroup;
			children = (
				024FBBF923E2B74E00F3967C /* GitHub.app */,
			);
			name = Products;
			sourceTree = "<group>";
		};
		024FBBFB23E2B74E00F3967C /* GitHub */ = {
			isa = PBXGroup;
			children = (
				02527B9E23EAB1D60066A028 /* Model */,
				024FBC1523E2D84300F3967C /* View */,
				024FBC1423E2D82400F3967C /* Controller */,
				024FBBFC23E2B74E00F3967C /* AppDelegate.swift */,
				024FBBFE23E2B74E00F3967C /* SceneDelegate.swift */,
				024FBC0223E2B74E00F3967C /* Main.storyboard */,
				024FBC0523E2B75200F3967C /* Assets.xcassets */,
				024FBC0723E2B75200F3967C /* LaunchScreen.storyboard */,
				024FBC0A23E2B75200F3967C /* Info.plist */,
				024FBC1023E2C80100F3967C /* Extentions.swift */,
				024FBC1D23E30DD600F3967C /* NetworkCall.swift */,
			);
			path = GitHub;
			sourceTree = "<group>";
		};
		024FBC1423E2D82400F3967C /* Controller */ = {
			isa = PBXGroup;
			children = (
				0252A13923EC63130018A580 /* ProfileCollectionViewController.swift */,
				026AC64B23E86943001B4F86 /* DetailsViewController.swift */,
				024FBC0023E2B74E00F3967C /* ViewController.swift */,
				024FBC1823E2DADD00F3967C /* FollowingCollectionViewController.swift */,
				026AC64923E85AEC001B4F86 /* FollowersViewController.swift */,
				0252A13123EBD4130018A580 /* GitHubPageViewController.swift */,
			);
			path = Controller;
			sourceTree = "<group>";
		};
		024FBC1523E2D84300F3967C /* View */ = {
			isa = PBXGroup;
			children = (
				024FBC1623E2D8DD00F3967C /* FollowingCollectionViewCell.swift */,
				026AC64723E8569D001B4F86 /* Alerts.swift */,
				0252A13B23EC63E10018A580 /* ProfileHeader.swift */,
				025657B423F12C86009CB921 /* RepoCollectionViewCell.swift */,
			);
			path = View;
			sourceTree = "<group>";
		};
		02527B9E23EAB1D60066A028 /* Model */ = {
			isa = PBXGroup;
			children = (
				02527B9F23EAB1FB0066A028 /* Follower.swift */,
				02FE6B6A23EDA4C100F6B0AB /* User.swift */,
				026589BC23F674B4008C36A3 /* Repo.swift */,
			);
			path = Model;
			sourceTree = "<group>";
		};
/* End PBXGroup section */

/* Begin PBXNativeTarget section */
		024FBBF823E2B74E00F3967C /* GitHub */ = {
			isa = PBXNativeTarget;
			buildConfigurationList = 024FBC0D23E2B75200F3967C /* Build configuration list for PBXNativeTarget "GitHub" */;
			buildPhases = (
				024FBBF523E2B74E00F3967C /* Sources */,
				024FBBF623E2B74E00F3967C /* Frameworks */,
				024FBBF723E2B74E00F3967C /* Resources */,
			);
			buildRules = (
			);
			dependencies = (
			);
			name = GitHub;
			packageProductDependencies = (
				024FBC1B23E30CA800F3967C /* Alamofire */,
				024FBC2023E3137400F3967C /* SwiftyJSON */,
				024FBC2323E3192C00F3967C /* Kingfisher */,
				024FBC2523E3192C00F3967C /* KingfisherSwiftUI */,
			);
			productName = GitHub;
			productReference = 024FBBF923E2B74E00F3967C /* GitHub.app */;
			productType = "com.apple.product-type.application";
		};
/* End PBXNativeTarget section */

/* Begin PBXProject section */
		024FBBF123E2B74E00F3967C /* Project object */ = {
			isa = PBXProject;
			attributes = {
				LastSwiftUpdateCheck = 1110;
				LastUpgradeCheck = 1110;
				ORGANIZATIONNAME = thobio;
				TargetAttributes = {
					024FBBF823E2B74E00F3967C = {
						CreatedOnToolsVersion = 11.1;
					};
				};
			};
			buildConfigurationList = 024FBBF423E2B74E00F3967C /* Build configuration list for PBXProject "GitHub" */;
			compatibilityVersion = "Xcode 9.3";
			developmentRegion = en;
			hasScannedForEncodings = 0;
			knownRegions = (
				en,
				Base,
			);
			mainGroup = 024FBBF023E2B74E00F3967C;
			packageReferences = (
				024FBC1A23E30CA800F3967C /* XCRemoteSwiftPackageReference "Alamofire" */,
				024FBC1F23E3137400F3967C /* XCRemoteSwiftPackageReference "SwiftyJSON" */,
				024FBC2223E3192C00F3967C /* XCRemoteSwiftPackageReference "Kingfisher" */,
			);
			productRefGroup = 024FBBFA23E2B74E00F3967C /* Products */;
			projectDirPath = "";
			projectRoot = "";
			targets = (
				024FBBF823E2B74E00F3967C /* GitHub */,
			);
		};
/* End PBXProject section */

/* Begin PBXResourcesBuildPhase section */
		024FBBF723E2B74E00F3967C /* Resources */ = {
			isa = PBXResourcesBuildPhase;
			buildActionMask = 2147483647;
			files = (
				024FBC0923E2B75200F3967C /* LaunchScreen.storyboard in Resources */,
				024FBC0623E2B75200F3967C /* Assets.xcassets in Resources */,
				024FBC0423E2B74E00F3967C /* Main.storyboard in Resources */,
			);
			runOnlyForDeploymentPostprocessing = 0;
		};
/* End PBXResourcesBuildPhase section */

/* Begin PBXSourcesBuildPhase section */
		024FBBF523E2B74E00F3967C /* Sources */ = {
			isa = PBXSourcesBuildPhase;
			buildActionMask = 2147483647;
			files = (
				0252A13223EBD4130018A580 /* GitHubPageViewController.swift in Sources */,
				026AC64A23E85AEC001B4F86 /* FollowersViewController.swift in Sources */,
				024FBC1E23E30DD600F3967C /* NetworkCall.swift in Sources */,
				024FBC1723E2D8DD00F3967C /* FollowingCollectionViewCell.swift in Sources */,
				025657B523F12C86009CB921 /* RepoCollectionViewCell.swift in Sources */,
				026AC64823E8569D001B4F86 /* Alerts.swift in Sources */,
				024FBC1123E2C80100F3967C /* Extentions.swift in Sources */,
				0252A13A23EC63130018A580 /* ProfileCollectionViewController.swift in Sources */,
				026589BD23F674B4008C36A3 /* Repo.swift in Sources */,
				024FBC1923E2DADD00F3967C /* FollowingCollectionViewController.swift in Sources */,
				02FE6B6B23EDA4C100F6B0AB /* User.swift in Sources */,
				0252A13C23EC63E10018A580 /* ProfileHeader.swift in Sources */,
				024FBC0123E2B74E00F3967C /* ViewController.swift in Sources */,
				024FBBFD23E2B74E00F3967C /* AppDelegate.swift in Sources */,
				02527BA023EAB1FB0066A028 /* Follower.swift in Sources */,
				024FBBFF23E2B74E00F3967C /* SceneDelegate.swift in Sources */,
				026AC64C23E86943001B4F86 /* DetailsViewController.swift in Sources */,
			);
			runOnlyForDeploymentPostprocessing = 0;
		};
/* End PBXSourcesBuildPhase section */

/* Begin PBXVariantGroup section */
		024FBC0223E2B74E00F3967C /* Main.storyboard */ = {
			isa = PBXVariantGroup;
			children = (
				024FBC0323E2B74E00F3967C /* Base */,
			);
			name = Main.storyboard;
			sourceTree = "<group>";
		};
		024FBC0723E2B75200F3967C /* LaunchScreen.storyboard */ = {
			isa = PBXVariantGroup;
			children = (
				024FBC0823E2B75200F3967C /* Base */,
			);
			name = LaunchScreen.storyboard;
			sourceTree = "<group>";
		};
/* End PBXVariantGroup section */

/* Begin XCBuildConfiguration section */
		024FBC0B23E2B75200F3967C /* Debug */ = {
			isa = XCBuildConfiguration;
			buildSettings = {
				ALWAYS_SEARCH_USER_PATHS = NO;
				CLANG_ANALYZER_NONNULL = YES;
				CLANG_ANALYZER_NUMBER_OBJECT_CONVERSION = YES_AGGRESSIVE;
				CLANG_CXX_LANGUAGE_STANDARD = "gnu++14";
				CLANG_CXX_LIBRARY = "libc++";
				CLANG_ENABLE_MODULES = YES;
				CLANG_ENABLE_OBJC_ARC = YES;
				CLANG_ENABLE_OBJC_WEAK = YES;
				CLANG_WARN_BLOCK_CAPTURE_AUTORELEASING = YES;
				CLANG_WARN_BOOL_CONVERSION = YES;
				CLANG_WARN_COMMA = YES;
				CLANG_WARN_CONSTANT_CONVERSION = YES;
				CLANG_WARN_DEPRECATED_OBJC_IMPLEMENTATIONS = YES;
				CLANG_WARN_DIRECT_OBJC_ISA_USAGE = YES_ERROR;
				CLANG_WARN_DOCUMENTATION_COMMENTS = YES;
				CLANG_WARN_EMPTY_BODY = YES;
				CLANG_WARN_ENUM_CONVERSION = YES;
				CLANG_WARN_INFINITE_RECURSION = YES;
				CLANG_WARN_INT_CONVERSION = YES;
				CLANG_WARN_NON_LITERAL_NULL_CONVERSION = YES;
				CLANG_WARN_OBJC_IMPLICIT_RETAIN_SELF = YES;
				CLANG_WARN_OBJC_LITERAL_CONVERSION = YES;
				CLANG_WARN_OBJC_ROOT_CLASS = YES_ERROR;
				CLANG_WARN_RANGE_LOOP_ANALYSIS = YES;
				CLANG_WARN_STRICT_PROTOTYPES = YES;
				CLANG_WARN_SUSPICIOUS_MOVE = YES;
				CLANG_WARN_UNGUARDED_AVAILABILITY = YES_AGGRESSIVE;
				CLANG_WARN_UNREACHABLE_CODE = YES;
				CLANG_WARN__DUPLICATE_METHOD_MATCH = YES;
				COPY_PHASE_STRIP = NO;
				DEBUG_INFORMATION_FORMAT = dwarf;
				ENABLE_STRICT_OBJC_MSGSEND = YES;
				ENABLE_TESTABILITY = YES;
				GCC_C_LANGUAGE_STANDARD = gnu11;
				GCC_DYNAMIC_NO_PIC = NO;
				GCC_NO_COMMON_BLOCKS = YES;
				GCC_OPTIMIZATION_LEVEL = 0;
				GCC_PREPROCESSOR_DEFINITIONS = (
					"DEBUG=1",
					"$(inherited)",
				);
				GCC_WARN_64_TO_32_BIT_CONVERSION = YES;
				GCC_WARN_ABOUT_RETURN_TYPE = YES_ERROR;
				GCC_WARN_UNDECLARED_SELECTOR = YES;
				GCC_WARN_UNINITIALIZED_AUTOS = YES_AGGRESSIVE;
				GCC_WARN_UNUSED_FUNCTION = YES;
				GCC_WARN_UNUSED_VARIABLE = YES;
				IPHONEOS_DEPLOYMENT_TARGET = 13.1;
				MTL_ENABLE_DEBUG_INFO = INCLUDE_SOURCE;
				MTL_FAST_MATH = YES;
				ONLY_ACTIVE_ARCH = YES;
				SDKROOT = iphoneos;
				SWIFT_ACTIVE_COMPILATION_CONDITIONS = DEBUG;
				SWIFT_OPTIMIZATION_LEVEL = "-Onone";
			};
			name = Debug;
		};
		024FBC0C23E2B75200F3967C /* Release */ = {
			isa = XCBuildConfiguration;
			buildSettings = {
				ALWAYS_SEARCH_USER_PATHS = NO;
				CLANG_ANALYZER_NONNULL = YES;
				CLANG_ANALYZER_NUMBER_OBJECT_CONVERSION = YES_AGGRESSIVE;
				CLANG_CXX_LANGUAGE_STANDARD = "gnu++14";
				CLANG_CXX_LIBRARY = "libc++";
				CLANG_ENABLE_MODULES = YES;
				CLANG_ENABLE_OBJC_ARC = YES;
				CLANG_ENABLE_OBJC_WEAK = YES;
				CLANG_WARN_BLOCK_CAPTURE_AUTORELEASING = YES;
				CLANG_WARN_BOOL_CONVERSION = YES;
				CLANG_WARN_COMMA = YES;
				CLANG_WARN_CONSTANT_CONVERSION = YES;
				CLANG_WARN_DEPRECATED_OBJC_IMPLEMENTATIONS = YES;
				CLANG_WARN_DIRECT_OBJC_ISA_USAGE = YES_ERROR;
				CLANG_WARN_DOCUMENTATION_COMMENTS = YES;
				CLANG_WARN_EMPTY_BODY = YES;
				CLANG_WARN_ENUM_CONVERSION = YES;
				CLANG_WARN_INFINITE_RECURSION = YES;
				CLANG_WARN_INT_CONVERSION = YES;
				CLANG_WARN_NON_LITERAL_NULL_CONVERSION = YES;
				CLANG_WARN_OBJC_IMPLICIT_RETAIN_SELF = YES;
				CLANG_WARN_OBJC_LITERAL_CONVERSION = YES;
				CLANG_WARN_OBJC_ROOT_CLASS = YES_ERROR;
				CLANG_WARN_RANGE_LOOP_ANALYSIS = YES;
				CLANG_WARN_STRICT_PROTOTYPES = YES;
				CLANG_WARN_SUSPICIOUS_MOVE = YES;
				CLANG_WARN_UNGUARDED_AVAILABILITY = YES_AGGRESSIVE;
				CLANG_WARN_UNREACHABLE_CODE = YES;
				CLANG_WARN__DUPLICATE_METHOD_MATCH = YES;
				COPY_PHASE_STRIP = NO;
				DEBUG_INFORMATION_FORMAT = "dwarf-with-dsym";
				ENABLE_NS_ASSERTIONS = NO;
				ENABLE_STRICT_OBJC_MSGSEND = YES;
				GCC_C_LANGUAGE_STANDARD = gnu11;
				GCC_NO_COMMON_BLOCKS = YES;
				GCC_WARN_64_TO_32_BIT_CONVERSION = YES;
				GCC_WARN_ABOUT_RETURN_TYPE = YES_ERROR;
				GCC_WARN_UNDECLARED_SELECTOR = YES;
				GCC_WARN_UNINITIALIZED_AUTOS = YES_AGGRESSIVE;
				GCC_WARN_UNUSED_FUNCTION = YES;
				GCC_WARN_UNUSED_VARIABLE = YES;
				IPHONEOS_DEPLOYMENT_TARGET = 13.1;
				MTL_ENABLE_DEBUG_INFO = NO;
				MTL_FAST_MATH = YES;
				SDKROOT = iphoneos;
				SWIFT_COMPILATION_MODE = wholemodule;
				SWIFT_OPTIMIZATION_LEVEL = "-O";
				VALIDATE_PRODUCT = YES;
			};
			name = Release;
		};
		024FBC0E23E2B75200F3967C /* Debug */ = {
			isa = XCBuildConfiguration;
			buildSettings = {
				ASSETCATALOG_COMPILER_APPICON_NAME = AppIcon;
				CODE_SIGN_STYLE = Automatic;
				DEVELOPMENT_TEAM = S9GSUR5LJ2;
				INFOPLIST_FILE = GitHub/Info.plist;
				IPHONEOS_DEPLOYMENT_TARGET = 13.0;
				LD_RUNPATH_SEARCH_PATHS = (
					"$(inherited)",
					"@executable_path/Frameworks",
				);
				PRODUCT_BUNDLE_IDENTIFIER = com.thobio.GitHub;
				PRODUCT_NAME = "$(TARGET_NAME)";
				SWIFT_VERSION = 5.0;
				TARGETED_DEVICE_FAMILY = 1;
			};
			name = Debug;
		};
		024FBC0F23E2B75200F3967C /* Release */ = {
			isa = XCBuildConfiguration;
			buildSettings = {
				ASSETCATALOG_COMPILER_APPICON_NAME = AppIcon;
				CODE_SIGN_STYLE = Automatic;
				DEVELOPMENT_TEAM = S9GSUR5LJ2;
				INFOPLIST_FILE = GitHub/Info.plist;
				IPHONEOS_DEPLOYMENT_TARGET = 13.0;
				LD_RUNPATH_SEARCH_PATHS = (
					"$(inherited)",
					"@executable_path/Frameworks",
				);
				PRODUCT_BUNDLE_IDENTIFIER = com.thobio.GitHub;
				PRODUCT_NAME = "$(TARGET_NAME)";
				SWIFT_VERSION = 5.0;
				TARGETED_DEVICE_FAMILY = 1;
			};
			name = Release;
		};
/* End XCBuildConfiguration section */

/* Begin XCConfigurationList section */
		024FBBF423E2B74E00F3967C /* Build configuration list for PBXProject "GitHub" */ = {
			isa = XCConfigurationList;
			buildConfigurations = (
				024FBC0B23E2B75200F3967C /* Debug */,
				024FBC0C23E2B75200F3967C /* Release */,
			);
			defaultConfigurationIsVisible = 0;
			defaultConfigurationName = Release;
		};
		024FBC0D23E2B75200F3967C /* Build configuration list for PBXNativeTarget "GitHub" */ = {
			isa = XCConfigurationList;
			buildConfigurations = (
				024FBC0E23E2B75200F3967C /* Debug */,
				024FBC0F23E2B75200F3967C /* Release */,
			);
			defaultConfigurationIsVisible = 0;
			defaultConfigurationName = Release;
		};
/* End XCConfigurationList section */

/* Begin XCRemoteSwiftPackageReference section */
		024FBC1A23E30CA800F3967C /* XCRemoteSwiftPackageReference "Alamofire" */ = {
			isa = XCRemoteSwiftPackageReference;
			repositoryURL = "https://github.com/Alamofire/Alamofire.git";
			requirement = {
				kind = upToNextMajorVersion;
				minimumVersion = 4.9.1;
			};
		};
		024FBC1F23E3137400F3967C /* XCRemoteSwiftPackageReference "SwiftyJSON" */ = {
			isa = XCRemoteSwiftPackageReference;
			repositoryURL = "https://github.com/SwiftyJSON/SwiftyJSON.git";
			requirement = {
				kind = upToNextMajorVersion;
				minimumVersion = 5.0.0;
			};
		};
		024FBC2223E3192C00F3967C /* XCRemoteSwiftPackageReference "Kingfisher" */ = {
			isa = XCRemoteSwiftPackageReference;
			repositoryURL = "https://github.com/onevcat/Kingfisher.git";
			requirement = {
				kind = upToNextMajorVersion;
				minimumVersion = 5.13.0;
			};
		};
/* End XCRemoteSwiftPackageReference section */

/* Begin XCSwiftPackageProductDependency section */
		024FBC1B23E30CA800F3967C /* Alamofire */ = {
			isa = XCSwiftPackageProductDependency;
			package = 024FBC1A23E30CA800F3967C /* XCRemoteSwiftPackageReference "Alamofire" */;
			productName = Alamofire;
		};
		024FBC2023E3137400F3967C /* SwiftyJSON */ = {
			isa = XCSwiftPackageProductDependency;
			package = 024FBC1F23E3137400F3967C /* XCRemoteSwiftPackageReference "SwiftyJSON" */;
			productName = SwiftyJSON;
		};
		024FBC2323E3192C00F3967C /* Kingfisher */ = {
			isa = XCSwiftPackageProductDependency;
			package = 024FBC2223E3192C00F3967C /* XCRemoteSwiftPackageReference "Kingfisher" */;
			productName = Kingfisher;
		};
		024FBC2523E3192C00F3967C /* KingfisherSwiftUI */ = {
			isa = XCSwiftPackageProductDependency;
			package = 024FBC2223E3192C00F3967C /* XCRemoteSwiftPackageReference "Kingfisher" */;
			productName = KingfisherSwiftUI;
		};
/* End XCSwiftPackageProductDependency section */
	};
	rootObject = 024FBBF123E2B74E00F3967C /* Project object */;
}
